
Microsoft Visual Studio Solution File, Format Version 12.00
# Visual Studio Version 16
VisualStudioVersion = 16.0.31702.278
MinimumVisualStudioVersion = 10.0.40219.1
Project("{FAE04EC0-301F-11D3-BF4B-00C04F79EFBC}") = "PokemonCRUD", "PokemonCRUD\PokemonCRUD.csproj", "{6362B501-4A9C-480A-915A-E91FFD4DBD05}"
EndProject
Global
	GlobalSection(SolutionConfigurationPlatforms) = preSolution
		Debug|Any CPU = Debug|Any CPU
		Release|Any CPU = Release|Any CPU
	EndGlobalSection
	GlobalSection(ProjectConfigurationPlatforms) = postSolution
		{6362B501-4A9C-480A-915A-E91FFD4DBD05}.Debug|Any CPU.ActiveCfg = Debug|Any CPU
		{6362B501-4A9C-480A-915A-E91FFD4DBD05}.Debug|Any CPU.Build.0 = Debug|Any CPU
		{6362B501-4A9C-480A-915A-E91FFD4DBD05}.Release|Any CPU.ActiveCfg = Release|Any CPU
		{6362B501-4A9C-480A-915A-E91FFD4DBD05}.Release|Any CPU.Build.0 = Release|Any CPU
	EndGlobalSection
	GlobalSection(SolutionProperties) = preSolution
		HideSolutionNode = FALSE
	EndGlobalSection
	GlobalSection(ExtensibilityGlobals) = postSolution
		SolutionGuid = {8B58487C-61CD-46A7-87AB-770F9A8C3D62}
	EndGlobalSection
EndGlobal
